
Microsoft Visual Studio Solution File, Format Version 12.00
# Visual Studio Version 17
VisualStudioVersion = 17.9.34902.65
MinimumVisualStudioVersion = 10.0.40219.1
Project("{FAE04EC0-301F-11D3-BF4B-00C04F79EFBC}") = "ObjectOrientedPractics", "ObjectOrientedPractics\ObjectOrientedPractics.csproj", "{7EFC3AA3-D398-4D46-8DFD-762EC924CB98}"
EndProject
Global
	GlobalSection(SolutionConfigurationPlatforms) = preSolution
		Debug|Any CPU = Debug|Any CPU
		Release|Any CPU = Release|Any CPU
	EndGlobalSection
	GlobalSection(ProjectConfigurationPlatforms) = postSolution
		{7EFC3AA3-D398-4D46-8DFD-762EC924CB98}.Debug|Any CPU.ActiveCfg = Debug|Any CPU
		{7EFC3AA3-D398-4D46-8DFD-762EC924CB98}.Debug|Any CPU.Build.0 = Debug|Any CPU
		{7EFC3AA3-D398-4D46-8DFD-762EC924CB98}.Release|Any CPU.ActiveCfg = Release|Any CPU
		{7EFC3AA3-D398-4D46-8DFD-762EC924CB98}.Release|Any CPU.Build.0 = Release|Any CPU
	EndGlobalSection
	GlobalSection(SolutionProperties) = preSolution
		HideSolutionNode = FALSE
	EndGlobalSection
	GlobalSection(ExtensibilityGlobals) = postSolution
		SolutionGuid = {D2E31E33-B5A9-48AD-BFD8-FCA4220C8FEB}
	EndGlobalSection
EndGlobal
